
Microsoft Visual Studio Solution File, Format Version 12.00
# Visual Studio Version 17
VisualStudioVersion = 17.14.36603.0 d17.14
MinimumVisualStudioVersion = 10.0.40219.1
Project("{FAE04EC0-301F-11D3-BF4B-00C04F79EFBC}") = "WebsiteBanHang", "WebsiteBanHang.csproj", "{F95E157C-BC94-4992-A524-53B7FF242691}"
EndProject
Global
	GlobalSection(SolutionConfigurationPlatforms) = preSolution
		Debug|Any CPU = Debug|Any CPU
		Release|Any CPU = Release|Any CPU
	EndGlobalSection
	GlobalSection(ProjectConfigurationPlatforms) = postSolution
		{F95E157C-BC94-4992-A524-53B7FF242691}.Debug|Any CPU.ActiveCfg = Debug|Any CPU
		{F95E157C-BC94-4992-A524-53B7FF242691}.Debug|Any CPU.Build.0 = Debug|Any CPU
		{F95E157C-BC94-4992-A524-53B7FF242691}.Release|Any CPU.ActiveCfg = Release|Any CPU
		{F95E157C-BC94-4992-A524-53B7FF242691}.Release|Any CPU.Build.0 = Release|Any CPU
	EndGlobalSection
	GlobalSection(SolutionProperties) = preSolution
		HideSolutionNode = FALSE
	EndGlobalSection
	GlobalSection(ExtensibilityGlobals) = postSolution
		SolutionGuid = {3490395D-CCFE-45C8-9364-D751C79B2264}
	EndGlobalSection
EndGlobal
